<?xml version="1.0" encoding="utf-8"?>
<Project ToolsVersion="4.0" xmlns="http://schemas.microsoft.com/developer/msbuild/2003">
  <ItemGroup>
    <Filter Include="Source Files">
      <UniqueIdentifier>{4FC737F1-C7A5-4376-A066-2A32D752A2FF}</UniqueIdentifier>
      <Extensions>cpp;c;cxx;def;odl;idl;hpj;bat;asm;asmx</Extensions>
    </Filter>
    <Filter Include="Header Files">
      <UniqueIdentifier>{93995380-89BD-4b04-88EB-625FBE52EBFB}</UniqueIdentifier>
      <Extensions>h;hpp;hxx;hm;inl;inc;xsd</Extensions>
    </Filter>
    <Filter Include="Shaders">
      <UniqueIdentifier>{d426409d-fde9-4287-a5d7-83bd95887a7a}</UniqueIdentifier>
    </Filter>
  </ItemGroup>
  <ItemGroup>
    <ClCompile Include="CreateDX9Effect.cpp">
      <Filter>Source Files</Filter>
    </ClCompile>
    <ClCompile Include="Direct3D9Renderer.cpp">
      <Filter>Source Files</Filter>
    </ClCompile>
    <ClCompile Include="Framebuffer.cpp">
      <Filter>Source Files</Filter>
    </ClCompile>
    <ClCompile Include="GpuCloudGenerator.cpp">
      <Filter>Source Files</Filter>
    </ClCompile>
    <ClCompile Include="SaveTexture.cpp">
      <Filter>Source Files</Filter>
    </ClCompile>
    <ClCompile Include="Simul2DCloudRenderer.cpp">
      <Filter>Source Files</Filter>
    </ClCompile>
    <ClCompile Include="SimulAtmosphericsRenderer.cpp">
      <Filter>Source Files</Filter>
    </ClCompile>
    <ClCompile Include="SimulCloudRenderer.cpp">
      <Filter>Source Files</Filter>
    </ClCompile>
    <ClCompile Include="SimulHDRRenderer.cpp">
      <Filter>Source Files</Filter>
    </ClCompile>
    <ClCompile Include="SimulLightningRenderer.cpp">
      <Filter>Source Files</Filter>
    </ClCompile>
    <ClCompile Include="SimulOpticsRendererDX9.cpp">
      <Filter>Source Files</Filter>
    </ClCompile>
    <ClCompile Include="SimulPrecipitationRenderer.cpp">
      <Filter>Source Files</Filter>
    </ClCompile>
    <ClCompile Include="SimulSkyRenderer.cpp">
      <Filter>Source Files</Filter>
    </ClCompile>
    <ClCompile Include="SimulTerrainRenderer.cpp">
      <Filter>Source Files</Filter>
    </ClCompile>
    <ClCompile Include="SimulWeatherRenderer.cpp">
      <Filter>Source Files</Filter>
    </ClCompile>
    <ClCompile Include="Utilities.cpp">
      <Filter>Source Files</Filter>
    </ClCompile>
  </ItemGroup>
  <ItemGroup>
    <ClInclude Include="CreateDX9Effect.h">
      <Filter>Header Files</Filter>
    </ClInclude>
    <ClInclude Include="Direct3D9Renderer.h">
      <Filter>Header Files</Filter>
    </ClInclude>
    <ClInclude Include="Export.h">
      <Filter>Header Files</Filter>
    </ClInclude>
    <ClInclude Include="Framebuffer.h">
      <Filter>Header Files</Filter>
    </ClInclude>
    <ClInclude Include="GpuCloudGenerator.h">
      <Filter>Header Files</Filter>
    </ClInclude>
    <ClInclude Include="Macros.h">
      <Filter>Header Files</Filter>
    </ClInclude>
    <ClInclude Include="resource.h">
      <Filter>Header Files</Filter>
    </ClInclude>
    <ClInclude Include="Resources.h">
      <Filter>Header Files</Filter>
    </ClInclude>
    <ClInclude Include="SaveTexture.h">
      <Filter>Header Files</Filter>
    </ClInclude>
    <ClInclude Include="Simul2DCloudRenderer.h">
      <Filter>Header Files</Filter>
    </ClInclude>
    <ClInclude Include="SimulAtmosphericsRenderer.h">
      <Filter>Header Files</Filter>
    </ClInclude>
    <ClInclude Include="SimulCloudRenderer.h">
      <Filter>Header Files</Filter>
    </ClInclude>
    <ClInclude Include="SimulHDRRenderer.h">
      <Filter>Header Files</Filter>
    </ClInclude>
    <ClInclude Include="SimulLightningRenderer.h">
      <Filter>Header Files</Filter>
    </ClInclude>
    <ClInclude Include="SimulOpticsRendererDX9.h">
      <Filter>Header Files</Filter>
    </ClInclude>
    <ClInclude Include="SimulPrecipitationRenderer.h">
      <Filter>Header Files</Filter>
    </ClInclude>
    <ClInclude Include="SimulSkyRenderer.h">
      <Filter>Header Files</Filter>
    </ClInclude>
    <ClInclude Include="SimulTerrainRenderer.h">
      <Filter>Header Files</Filter>
    </ClInclude>
    <ClInclude Include="SimulWeatherRenderer.h">
      <Filter>Header Files</Filter>
    </ClInclude>
    <ClInclude Include="Utilities.h">
      <Filter>Header Files</Filter>
    </ClInclude>
  </ItemGroup>
  <ItemGroup>
    <None Include="HLSL\atmospherics.fx">
      <Filter>Shaders</Filter>
    </None>
    <None Include="HLSL\gamma.fx">
      <Filter>Shaders</Filter>
    </None>
    <None Include="HLSL\land.fx">
      <Filter>Shaders</Filter>
    </None>
    <None Include="HLSL\metal.fx">
      <Filter>Shaders</Filter>
    </None>
    <None Include="HLSL\simul_clouds_2d.fx">
      <Filter>Shaders</Filter>
    </None>
    <None Include="HLSL\simul_clouds_and_lightning.fx">
      <Filter>Shaders</Filter>
    </None>
    <None Include="HLSL\simul_debug.fx">
      <Filter>Shaders</Filter>
    </None>
    <None Include="HLSL\simul_foliage.fx">
      <Filter>Shaders</Filter>
    </None>
    <None Include="HLSL\simul_gpulighting.fx">
      <Filter>Shaders</Filter>
    </None>
    <None Include="HLSL\simul_lightning.fx">
      <Filter>Shaders</Filter>
    </None>
    <None Include="HLSL\simul_object.fx">
      <Filter>Shaders</Filter>
    </None>
    <None Include="HLSL\simul_rain.fx">
      <Filter>Shaders</Filter>
    </None>
    <None Include="HLSL\simul_renderheightmap.fx">
      <Filter>Shaders</Filter>
    </None>
    <None Include="HLSL\simul_rendernoise.fx">
      <Filter>Shaders</Filter>
    </None>
    <None Include="HLSL\simul_sky.fx">
      <Filter>Shaders</Filter>
    </None>
    <None Include="HLSL\simul_terrain.fx">
      <Filter>Shaders</Filter>
    </None>
    <None Include="HLSL\tonemap.fx">
      <Filter>Shaders</Filter>
    </None>
  </ItemGroup>
  <ItemGroup>
    <ResourceCompile Include="DirectX9.rc" />
  </ItemGroup>
</Project>