<?xml version="1.0" encoding="utf-8"?>
<Project ToolsVersion="4.0" xmlns="http://schemas.microsoft.com/developer/msbuild/2003">
  <ItemGroup>
    <Filter Include="Source Files">
      <UniqueIdentifier>{4FC737F1-C7A5-4376-A066-2A32D752A2FF}</UniqueIdentifier>
      <Extensions>cpp;c;cc;cxx;def;odl;idl;hpj;bat;asm;asmx</Extensions>
    </Filter>
    <Filter Include="Header Files">
      <UniqueIdentifier>{93995380-89BD-4b04-88EB-625FBE52EBFB}</UniqueIdentifier>
      <Extensions>h;hpp;hxx;hm;inl;inc;xsd</Extensions>
    </Filter>
    <Filter Include="Resource Files">
      <UniqueIdentifier>{67DA6AB6-F800-4c08-8B7A-83BB121AAD01}</UniqueIdentifier>
      <Extensions>rc;ico;cur;bmp;dlg;rc2;rct;bin;rgs;gif;jpg;jpeg;jpe;resx;tiff;tif;png;wav;mfcribbon-ms</Extensions>
    </Filter>
  </ItemGroup>
  <ItemGroup>
    <ClCompile Include="Main.cpp">
      <Filter>Source Files</Filter>
    </ClCompile>
    <ClCompile Include="Psfx.cpp">
      <Filter>Source Files</Filter>
    </ClCompile>
    <ClCompile Include="PsfxEffect.cpp">
      <Filter>Source Files</Filter>
    </ClCompile>
    <ClCompile Include="PsfxLALRParser.cpp">
      <Filter>Source Files</Filter>
    </ClCompile>
    <ClCompile Include="PsfxProgram.cpp">
      <Filter>Source Files</Filter>
    </ClCompile>
    <ClCompile Include="PsfxScanner.cpp">
      <Filter>Source Files</Filter>
    </ClCompile>
    <ClCompile Include="FileLoader.cpp">
      <Filter>Source Files</Filter>
    </ClCompile>
    <ClCompile Include="StringFunctions.cpp">
      <Filter>Source Files</Filter>
    </ClCompile>
    <ClCompile Include="StringToWString.cpp">
      <Filter>Source Files</Filter>
    </ClCompile>
    <ClCompile Include="PreprocessLexer.cpp">
      <Filter>Source Files</Filter>
    </ClCompile>
    <ClCompile Include="PreprocessParser.cpp">
      <Filter>Source Files</Filter>
    </ClCompile>
  </ItemGroup>
  <ItemGroup>
    <ClInclude Include="PsfxClasses.h">
      <Filter>Header Files</Filter>
    </ClInclude>
    <ClInclude Include="PsfxEffect.h">
      <Filter>Header Files</Filter>
    </ClInclude>
    <ClInclude Include="PsfxLALRParser.hpp">
      <Filter>Header Files</Filter>
    </ClInclude>
    <ClInclude Include="PsfxParser.h">
      <Filter>Header Files</Filter>
    </ClInclude>
    <ClInclude Include="PsfxProgram.h">
      <Filter>Header Files</Filter>
    </ClInclude>
    <ClInclude Include="PsfxScanner.h">
      <Filter>Header Files</Filter>
    </ClInclude>
    <ClInclude Include="Psfx.h">
      <Filter>Header Files</Filter>
    </ClInclude>
    <ClInclude Include="BufferedStringStreamBuf.h">
      <Filter>Header Files</Filter>
    </ClInclude>
    <ClInclude Include="FileLoader.h">
      <Filter>Header Files</Filter>
    </ClInclude>
    <ClInclude Include="StringFunctions.h">
      <Filter>Header Files</Filter>
    </ClInclude>
    <ClInclude Include="StringToWString.h">
      <Filter>Header Files</Filter>
    </ClInclude>
    <ClInclude Include="VisualStudioDebugOutput.h">
      <Filter>Header Files</Filter>
    </ClInclude>
    <ClInclude Include="PreprocessLexer.h">
      <Filter>Header Files</Filter>
    </ClInclude>
    <ClInclude Include="PreprocessParser.h">
      <Filter>Header Files</Filter>
    </ClInclude>
    <ClInclude Include="Preprocessor.h">
      <Filter>Header Files</Filter>
    </ClInclude>
    <ClInclude Include="PsfxErrorCheck.h">
      <Filter>Header Files</Filter>
    </ClInclude>
  </ItemGroup>
  <ItemGroup>
    <CustomBuild Include="Psfx.lpp" />
    <CustomBuild Include="Psfx.ypp" />
    <CustomBuild Include="Preprocessor.lpp" />
    <CustomBuild Include="Preprocessor.ypp" />
  </ItemGroup>
</Project>