<?xml version="1.0" encoding="utf-8"?>
<Project ToolsVersion="4.0" xmlns="http://schemas.microsoft.com/developer/msbuild/2003">
  <ItemGroup>
    <ClInclude Include="..\CrossPlatform\BaseRenderer.h" />
    <ClInclude Include="DeviceContext.h" />
  </ItemGroup>
  <ItemGroup>
    <None Include="SL\atmospherics_constants.sl">
      <Filter>SL</Filter>
    </None>
    <None Include="SL\atmospherics.sl">
      <Filter>SL</Filter>
    </None>
    <None Include="SL\cloud_shadow.sl">
      <Filter>SL</Filter>
    </None>
    <None Include="SL\compositing_constants.sl">
      <Filter>SL</Filter>
    </None>
    <None Include="SL\CppSl.hs">
      <Filter>SL</Filter>
    </None>
    <None Include="SL\depth.sl">
      <Filter>SL</Filter>
    </None>
    <None Include="SL\earth_shadow.sl">
      <Filter>SL</Filter>
    </None>
    <None Include="SL\earth_shadow_fade.sl">
      <Filter>SL</Filter>
    </None>
    <None Include="SL\earth_shadow_uniforms.sl">
      <Filter>SL</Filter>
    </None>
    <None Include="SL\godrays.sl">
      <Filter>SL</Filter>
    </None>
    <None Include="SL\hdr_constants.sl">
      <Filter>SL</Filter>
    </None>
    <None Include="SL\illumination.sl">
      <Filter>SL</Filter>
    </None>
    <None Include="SL\light_probe_constants.sl">
      <Filter>SL</Filter>
    </None>
    <None Include="SL\lightning_constants.sl">
      <Filter>SL</Filter>
    </None>
    <None Include="SL\mixed_resolution.sl">
      <Filter>SL</Filter>
    </None>
    <None Include="SL\mixed_resolution_constants.sl">
      <Filter>SL</Filter>
    </None>
    <None Include="SL\noise.sl">
      <Filter>SL</Filter>
    </None>
    <None Include="SL\noise_constants.sl">
      <Filter>SL</Filter>
    </None>
    <None Include="SL\ocean_constants.sl">
      <Filter>SL</Filter>
    </None>
    <None Include="SL\optics_constants.sl">
      <Filter>SL</Filter>
    </None>
    <None Include="SL\rain_constants.sl">
      <Filter>SL</Filter>
    </None>
    <None Include="SL\simul_2d_cloud_detail.sl">
      <Filter>SL</Filter>
    </None>
    <None Include="SL\simul_2d_clouds.hs">
      <Filter>SL</Filter>
    </None>
    <None Include="SL\simul_2d_clouds.sl">
      <Filter>SL</Filter>
    </None>
    <None Include="SL\simul_cloud_constants.sl">
      <Filter>SL</Filter>
    </None>
    <None Include="SL\simul_clouds.sl">
      <Filter>SL</Filter>
    </None>
    <None Include="SL\simul_gpu_clouds.sl">
      <Filter>SL</Filter>
    </None>
    <None Include="SL\simul_gpu_sky.sl">
      <Filter>SL</Filter>
    </None>
    <None Include="SL\simul_inscatter_fns.sl">
      <Filter>SL</Filter>
    </None>
    <None Include="SL\simul_terrain_constants.sl">
      <Filter>SL</Filter>
    </None>
    <None Include="SL\sky_constants.sl">
      <Filter>SL</Filter>
    </None>
    <None Include="SL\solid_constants.sl">
      <Filter>SL</Filter>
    </None>
    <None Include="SL\spherical_harmonics.sl">
      <Filter>SL</Filter>
    </None>
    <None Include="SL\spherical_harmonics_constants.sl">
      <Filter>SL</Filter>
    </None>
    <None Include="SL\states.sl">
      <Filter>SL</Filter>
    </None>
  </ItemGroup>
  <ItemGroup>
    <Filter Include="SL">
      <UniqueIdentifier>{66c94634-b877-4d5d-9290-451000a183dc}</UniqueIdentifier>
    </Filter>
  </ItemGroup>
</Project>