<?xml version="1.0" encoding="utf-8"?>
<Project ToolsVersion="4.0" xmlns="http://schemas.microsoft.com/developer/msbuild/2003">
  <ItemGroup>
    <Filter Include="Source Files">
      <UniqueIdentifier>{4FC737F1-C7A5-4376-A066-2A32D752A2FF}</UniqueIdentifier>
      <Extensions>cpp;c;cc;cxx;def;odl;idl;hpj;bat;asm;asmx</Extensions>
    </Filter>
    <Filter Include="Header Files">
      <UniqueIdentifier>{93995380-89BD-4b04-88EB-625FBE52EBFB}</UniqueIdentifier>
      <Extensions>h;hpp;hxx;hm;inl;inc;xsd</Extensions>
    </Filter>
    <Filter Include="HLSL">
      <UniqueIdentifier>{dd14abf0-b066-4a9b-a149-9830da7324cf}</UniqueIdentifier>
    </Filter>
    <Filter Include="Resource Files">
      <UniqueIdentifier>{67DA6AB6-F800-4c08-8B7A-83BB121AAD01}</UniqueIdentifier>
      <Extensions>rc;ico;cur;bmp;dlg;rc2;rct;bin;rgs;gif;jpg;jpeg;jpe;resx;tiff;tif;png;wav</Extensions>
    </Filter>
    <Filter Include="CrossPlatform">
      <UniqueIdentifier>{3df996a6-ea1c-4cb6-bd22-6de6f794fa7a}</UniqueIdentifier>
    </Filter>
    <Filter Include="FX">
      <UniqueIdentifier>{6114eb70-d5bb-4f18-b940-6c5a0d50e188}</UniqueIdentifier>
    </Filter>
  </ItemGroup>
  <ItemGroup>
    <ClCompile Include="CompileShaderDX1x.cpp">
      <Filter>Source Files</Filter>
    </ClCompile>
    <ClCompile Include="CreateEffectDX1x.cpp">
      <Filter>Source Files</Filter>
    </ClCompile>
    <ClCompile Include="DX11Exception.cpp">
      <Filter>Source Files</Filter>
    </ClCompile>
    <ClCompile Include="Framebuffer3D.cpp">
      <Filter>Source Files</Filter>
    </ClCompile>
    <ClCompile Include="FramebufferDX1x.cpp">
      <Filter>Source Files</Filter>
    </ClCompile>
    <ClCompile Include="GpuCloudGenerator.cpp">
      <Filter>Source Files</Filter>
    </ClCompile>
    <ClCompile Include="Profiler.cpp">
      <Filter>Source Files</Filter>
    </ClCompile>
    <ClCompile Include="SaveTextureDX1x.cpp">
      <Filter>Source Files</Filter>
    </ClCompile>
    <ClCompile Include="SimulCloudRendererDX1x.cpp">
      <Filter>Source Files</Filter>
    </ClCompile>
    <ClCompile Include="SimulHDRRendererDX1x.cpp">
      <Filter>Source Files</Filter>
    </ClCompile>
    <ClCompile Include="SimulOpticsRendererDX1x.cpp">
      <Filter>Source Files</Filter>
    </ClCompile>
    <ClCompile Include="SimulSkyRendererDX1x.cpp">
      <Filter>Source Files</Filter>
    </ClCompile>
    <ClCompile Include="Utilities.cpp">
      <Filter>Source Files</Filter>
    </ClCompile>
    <ClCompile Include="SimulWeatherRendererDX11.cpp">
      <Filter>Source Files</Filter>
    </ClCompile>
    <ClCompile Include="CubemapFramebuffer.cpp">
      <Filter>Source Files</Filter>
    </ClCompile>
    <ClCompile Include="Direct3D11Renderer.cpp">
      <Filter>Source Files</Filter>
    </ClCompile>
    <ClCompile Include="Direct3D11Manager.cpp">
      <Filter>Source Files</Filter>
    </ClCompile>
    <ClCompile Include="OceanRenderer.cpp">
      <Filter>Source Files</Filter>
    </ClCompile>
    <ClCompile Include="OceanSimulator.cpp">
      <Filter>Source Files</Filter>
    </ClCompile>
    <ClCompile Include="TerrainRenderer.cpp">
      <Filter>Source Files</Filter>
    </ClCompile>
    <ClCompile Include="CSFFT\fft_512x512.cpp">
      <Filter>Source Files</Filter>
    </ClCompile>
    <ClCompile Include="RenderPlatform.cpp">
      <Filter>Source Files</Filter>
    </ClCompile>
    <ClCompile Include="Material.cpp">
      <Filter>Source Files</Filter>
    </ClCompile>
    <ClCompile Include="Mesh.cpp">
      <Filter>Source Files</Filter>
    </ClCompile>
    <ClCompile Include="Light.cpp">
      <Filter>Source Files</Filter>
    </ClCompile>
    <ClCompile Include="Texture.cpp">
      <Filter>Source Files</Filter>
    </ClCompile>
    <ClCompile Include="Effect.cpp">
      <Filter>Source Files</Filter>
    </ClCompile>
    <ClCompile Include="Buffer.cpp">
      <Filter>Source Files</Filter>
    </ClCompile>
    <ClCompile Include="Layout.cpp">
      <Filter>Source Files</Filter>
    </ClCompile>
  </ItemGroup>
  <ItemGroup>
    <ClInclude Include="CompileShaderDX1x.h">
      <Filter>Header Files</Filter>
    </ClInclude>
    <ClInclude Include="CreateEffectDX1x.h">
      <Filter>Header Files</Filter>
    </ClInclude>
    <ClInclude Include="Direct3D11CallbackInterface.h">
      <Filter>Header Files</Filter>
    </ClInclude>
    <ClInclude Include="DX11Exception.h">
      <Filter>Header Files</Filter>
    </ClInclude>
    <ClInclude Include="Export.h">
      <Filter>Header Files</Filter>
    </ClInclude>
    <ClInclude Include="Framebuffer3D.h">
      <Filter>Header Files</Filter>
    </ClInclude>
    <ClInclude Include="FramebufferDX1x.h">
      <Filter>Header Files</Filter>
    </ClInclude>
    <ClInclude Include="GpuCloudGenerator.h">
      <Filter>Header Files</Filter>
    </ClInclude>
    <ClInclude Include="MacrosDx1x.h">
      <Filter>Header Files</Filter>
    </ClInclude>
    <ClInclude Include="Profiler.h">
      <Filter>Header Files</Filter>
    </ClInclude>
    <ClInclude Include="resource.h">
      <Filter>Header Files</Filter>
    </ClInclude>
    <ClInclude Include="ResourcesDx1x.h">
      <Filter>Header Files</Filter>
    </ClInclude>
    <ClInclude Include="SaveTextureDX1x.h">
      <Filter>Header Files</Filter>
    </ClInclude>
    <ClInclude Include="SimulCloudRendererDX1x.h">
      <Filter>Header Files</Filter>
    </ClInclude>
    <ClInclude Include="SimulHDRRendererDX1x.h">
      <Filter>Header Files</Filter>
    </ClInclude>
    <ClInclude Include="SimulOpticsRendererDX1x.h">
      <Filter>Header Files</Filter>
    </ClInclude>
    <ClInclude Include="SimulSkyRendererDX1x.h">
      <Filter>Header Files</Filter>
    </ClInclude>
    <ClInclude Include="Utilities.h">
      <Filter>Header Files</Filter>
    </ClInclude>
    <ClInclude Include="SimulWeatherRendererDX11.h">
      <Filter>Header Files</Filter>
    </ClInclude>
    <ClInclude Include="cubemapframebuffer.h">
      <Filter>Header Files</Filter>
    </ClInclude>
    <ClInclude Include="direct3d11renderer.h">
      <Filter>Header Files</Filter>
    </ClInclude>
    <ClInclude Include="Direct3D11Manager.h">
      <Filter>Header Files</Filter>
    </ClInclude>
    <ClInclude Include="Direct3D11ManagerInterface.h">
      <Filter>Header Files</Filter>
    </ClInclude>
    <ClInclude Include="OceanRenderer.h">
      <Filter>Header Files</Filter>
    </ClInclude>
    <ClInclude Include="OceanSimulator.h">
      <Filter>Header Files</Filter>
    </ClInclude>
    <ClInclude Include="TerrainRenderer.h">
      <Filter>Header Files</Filter>
    </ClInclude>
    <ClInclude Include="CSFFT\fft_512x512.h">
      <Filter>Header Files</Filter>
    </ClInclude>
    <ClInclude Include="RenderPlatform.h">
      <Filter>Header Files</Filter>
    </ClInclude>
    <ClInclude Include="Material.h">
      <Filter>Header Files</Filter>
    </ClInclude>
    <ClInclude Include="Mesh.h">
      <Filter>Header Files</Filter>
    </ClInclude>
    <ClInclude Include="Light.h">
      <Filter>Header Files</Filter>
    </ClInclude>
    <ClInclude Include="Texture.h">
      <Filter>Header Files</Filter>
    </ClInclude>
    <ClInclude Include="Effect.h">
      <Filter>Header Files</Filter>
    </ClInclude>
    <ClInclude Include="Buffer.h">
      <Filter>Header Files</Filter>
    </ClInclude>
    <ClInclude Include="Layout.h">
      <Filter>Header Files</Filter>
    </ClInclude>
  </ItemGroup>
  <ItemGroup>
    <None Include="HLSL\CppHLSL.hlsl">
      <Filter>HLSL</Filter>
    </None>
    <None Include="HLSL\fft_512x512_c2c.hlsl">
      <Filter>HLSL</Filter>
    </None>
    <None Include="HLSL\MixClouds_c.hlsl">
      <Filter>HLSL</Filter>
    </None>
    <None Include="HLSL\ocean_shading.hlsl">
      <Filter>HLSL</Filter>
    </None>
    <None Include="HLSL\ocean_simulator_cs.hlsl">
      <Filter>HLSL</Filter>
    </None>
    <None Include="HLSL\ocean_simulator_vs_ps.hlsl">
      <Filter>HLSL</Filter>
    </None>
    <None Include="HLSL\simul_earthshadow.hlsl">
      <Filter>HLSL</Filter>
    </None>
    <None Include="HLSL\simul_gpu_sky.hlsl">
      <Filter>HLSL</Filter>
    </None>
    <None Include="HLSL\simul_inscatter_fns.hlsl">
      <Filter>HLSL</Filter>
    </None>
    <None Include="HLSL\states.hlsl">
      <Filter>HLSL</Filter>
    </None>
    <None Include="HLSL\atmospherics.fx">
      <Filter>FX</Filter>
    </None>
    <None Include="HLSL\simul_clouds.fx">
      <Filter>FX</Filter>
    </None>
    <None Include="HLSL\simul_clouds_2d.fx">
      <Filter>FX</Filter>
    </None>
    <None Include="HLSL\simul_debug.fx">
      <Filter>FX</Filter>
    </None>
    <None Include="HLSL\simul_foliage.fx">
      <Filter>FX</Filter>
    </None>
    <None Include="HLSL\simul_gaussian.fx">
      <Filter>FX</Filter>
    </None>
    <None Include="HLSL\simul_gpu_clouds.fx">
      <Filter>FX</Filter>
    </None>
    <None Include="HLSL\simul_gpu_sky.fx">
      <Filter>FX</Filter>
    </None>
    <None Include="HLSL\simul_hdr.fx">
      <Filter>FX</Filter>
    </None>
    <None Include="HLSL\simul_rendernoise.fx">
      <Filter>FX</Filter>
    </None>
    <None Include="HLSL\simul_terrain.fx">
      <Filter>FX</Filter>
    </None>
    <None Include="HLSL\rain.fx">
      <Filter>FX</Filter>
    </None>
    <None Include="HLSL\lightning.fx">
      <Filter>FX</Filter>
    </None>
    <None Include="HLSL\optics.fx">
      <Filter>FX</Filter>
    </None>
    <None Include="HLSL\light_probes.fx">
      <Filter>FX</Filter>
    </None>
    <None Include="HLSL\simul_render_cubemap.fx">
      <Filter>FX</Filter>
    </None>
    <None Include="HLSL\spherical_harmonics.fx">
      <Filter>FX</Filter>
    </None>
    <None Include="HLSL\font.fx">
      <Filter>FX</Filter>
    </None>
    <None Include="HLSL\mixed_resolution.fx">
      <Filter>FX</Filter>
    </None>
    <None Include="HLSL\solid.fx">
      <Filter>FX</Filter>
    </None>
    <None Include="..\CrossPlatform\SL\atmospherics.sl">
      <Filter>CrossPlatform</Filter>
    </None>
    <None Include="..\CrossPlatform\SL\atmospherics_constants.sl">
      <Filter>CrossPlatform</Filter>
    </None>
    <None Include="..\CrossPlatform\SL\cloud_shadow.sl">
      <Filter>CrossPlatform</Filter>
    </None>
    <None Include="..\CrossPlatform\SL\compositing_constants.sl">
      <Filter>CrossPlatform</Filter>
    </None>
    <None Include="..\CrossPlatform\SL\CppSl.hs">
      <Filter>CrossPlatform</Filter>
    </None>
    <None Include="..\CrossPlatform\SL\depth.sl">
      <Filter>CrossPlatform</Filter>
    </None>
    <None Include="..\CrossPlatform\SL\earth_shadow.sl">
      <Filter>CrossPlatform</Filter>
    </None>
    <None Include="..\CrossPlatform\SL\earth_shadow_fade.sl">
      <Filter>CrossPlatform</Filter>
    </None>
    <None Include="..\CrossPlatform\SL\earth_shadow_uniforms.sl">
      <Filter>CrossPlatform</Filter>
    </None>
    <None Include="..\CrossPlatform\SL\godrays.sl">
      <Filter>CrossPlatform</Filter>
    </None>
    <None Include="..\CrossPlatform\SL\hdr_constants.sl">
      <Filter>CrossPlatform</Filter>
    </None>
    <None Include="..\CrossPlatform\SL\illumination.sl">
      <Filter>CrossPlatform</Filter>
    </None>
    <None Include="..\CrossPlatform\SL\light_probe_constants.sl">
      <Filter>CrossPlatform</Filter>
    </None>
    <None Include="..\CrossPlatform\SL\lightning_constants.sl">
      <Filter>CrossPlatform</Filter>
    </None>
    <None Include="..\CrossPlatform\SL\mixed_resolution.sl">
      <Filter>CrossPlatform</Filter>
    </None>
    <None Include="..\CrossPlatform\SL\mixed_resolution_constants.sl">
      <Filter>CrossPlatform</Filter>
    </None>
    <None Include="..\CrossPlatform\SL\noise.sl">
      <Filter>CrossPlatform</Filter>
    </None>
    <None Include="..\CrossPlatform\SL\noise_constants.sl">
      <Filter>CrossPlatform</Filter>
    </None>
    <None Include="..\CrossPlatform\SL\ocean_constants.sl">
      <Filter>CrossPlatform</Filter>
    </None>
    <None Include="..\CrossPlatform\SL\optics_constants.sl">
      <Filter>CrossPlatform</Filter>
    </None>
    <None Include="..\CrossPlatform\SL\rain_constants.sl">
      <Filter>CrossPlatform</Filter>
    </None>
    <None Include="..\CrossPlatform\SL\simul_2d_cloud_detail.sl">
      <Filter>CrossPlatform</Filter>
    </None>
    <None Include="..\CrossPlatform\SL\simul_2d_clouds.hs">
      <Filter>CrossPlatform</Filter>
    </None>
    <None Include="..\CrossPlatform\SL\simul_2d_clouds.sl">
      <Filter>CrossPlatform</Filter>
    </None>
    <None Include="..\CrossPlatform\SL\simul_cloud_constants.sl">
      <Filter>CrossPlatform</Filter>
    </None>
    <None Include="..\CrossPlatform\SL\simul_clouds.sl">
      <Filter>CrossPlatform</Filter>
    </None>
    <None Include="..\CrossPlatform\SL\simul_gpu_clouds.sl">
      <Filter>CrossPlatform</Filter>
    </None>
    <None Include="..\CrossPlatform\SL\simul_gpu_sky.sl">
      <Filter>CrossPlatform</Filter>
    </None>
    <None Include="..\CrossPlatform\SL\simul_inscatter_fns.sl">
      <Filter>CrossPlatform</Filter>
    </None>
    <None Include="..\CrossPlatform\SL\simul_terrain_constants.sl">
      <Filter>CrossPlatform</Filter>
    </None>
    <None Include="..\CrossPlatform\SL\sky_constants.sl">
      <Filter>CrossPlatform</Filter>
    </None>
    <None Include="..\CrossPlatform\SL\solid_constants.sl">
      <Filter>CrossPlatform</Filter>
    </None>
    <None Include="..\CrossPlatform\SL\spherical_harmonics.sl">
      <Filter>CrossPlatform</Filter>
    </None>
    <None Include="..\CrossPlatform\SL\spherical_harmonics_constants.sl">
      <Filter>CrossPlatform</Filter>
    </None>
    <None Include="..\CrossPlatform\SL\states.sl">
      <Filter>CrossPlatform</Filter>
    </None>
    <None Include="SimulUseDXSDK.props" />
    <None Include="SimulUseWin8SDK.props" />
    <None Include="HLSL\sky.fx">
      <Filter>FX</Filter>
    </None>
    <None Include="HLSL\gaussian.fx">
      <Filter>FX</Filter>
    </None>
  </ItemGroup>
</Project>