<?xml version="1.0" encoding="utf-8"?>
<Project ToolsVersion="4.0" xmlns="http://schemas.microsoft.com/developer/msbuild/2003">
  <ItemGroup>
    <Filter Include="Source Files">
      <UniqueIdentifier>{4FC737F1-C7A5-4376-A066-2A32D752A2FF}</UniqueIdentifier>
      <Extensions>cpp;c;cc;cxx;def;odl;idl;hpj;bat;asm;asmx</Extensions>
    </Filter>
    <Filter Include="Header Files">
      <UniqueIdentifier>{93995380-89BD-4b04-88EB-625FBE52EBFB}</UniqueIdentifier>
      <Extensions>h;hpp;hxx;hm;inl;inc;xsd</Extensions>
    </Filter>
    <Filter Include="HLSL">
      <UniqueIdentifier>{dd14abf0-b066-4a9b-a149-9830da7324cf}</UniqueIdentifier>
    </Filter>
    <Filter Include="SFX">
      <UniqueIdentifier>{0e65699d-5eb4-408e-a746-f7b6b65636f3}</UniqueIdentifier>
    </Filter>
    <Filter Include="SL">
      <UniqueIdentifier>{b85a44ec-ed1a-4a30-aa51-b6ed7ad418e8}</UniqueIdentifier>
    </Filter>
  </ItemGroup>
  <ItemGroup>
    <ClCompile Include="CompileShaderDX1x.cpp">
      <Filter>Source Files</Filter>
    </ClCompile>
    <ClCompile Include="CreateEffectDX1x.cpp">
      <Filter>Source Files</Filter>
    </ClCompile>
    <ClCompile Include="DX11Exception.cpp">
      <Filter>Source Files</Filter>
    </ClCompile>
    <ClCompile Include="FramebufferDX1x.cpp">
      <Filter>Source Files</Filter>
    </ClCompile>
    <ClCompile Include="SaveTextureDX1x.cpp">
      <Filter>Source Files</Filter>
    </ClCompile>
    <ClCompile Include="Utilities.cpp">
      <Filter>Source Files</Filter>
    </ClCompile>
    <ClCompile Include="Direct3D11Manager.cpp">
      <Filter>Source Files</Filter>
    </ClCompile>
    <ClCompile Include="RenderPlatform.cpp">
      <Filter>Source Files</Filter>
    </ClCompile>
    <ClCompile Include="Material.cpp">
      <Filter>Source Files</Filter>
    </ClCompile>
    <ClCompile Include="Mesh.cpp">
      <Filter>Source Files</Filter>
    </ClCompile>
    <ClCompile Include="Light.cpp">
      <Filter>Source Files</Filter>
    </ClCompile>
    <ClCompile Include="Texture.cpp">
      <Filter>Source Files</Filter>
    </ClCompile>
    <ClCompile Include="Effect.cpp">
      <Filter>Source Files</Filter>
    </ClCompile>
    <ClCompile Include="Buffer.cpp">
      <Filter>Source Files</Filter>
    </ClCompile>
    <ClCompile Include="Layout.cpp">
      <Filter>Source Files</Filter>
    </ClCompile>
    <ClCompile Include="ConstantBuffer.cpp">
      <Filter>Source Files</Filter>
    </ClCompile>
  </ItemGroup>
  <ItemGroup>
    <ClInclude Include="CompileShaderDX1x.h">
      <Filter>Header Files</Filter>
    </ClInclude>
    <ClInclude Include="CreateEffectDX1x.h">
      <Filter>Header Files</Filter>
    </ClInclude>
    <ClInclude Include="Direct3D11CallbackInterface.h">
      <Filter>Header Files</Filter>
    </ClInclude>
    <ClInclude Include="DX11Exception.h">
      <Filter>Header Files</Filter>
    </ClInclude>
    <ClInclude Include="Export.h">
      <Filter>Header Files</Filter>
    </ClInclude>
    <ClInclude Include="FramebufferDX1x.h">
      <Filter>Header Files</Filter>
    </ClInclude>
    <ClInclude Include="MacrosDx1x.h">
      <Filter>Header Files</Filter>
    </ClInclude>
    <ClInclude Include="resource.h">
      <Filter>Header Files</Filter>
    </ClInclude>
    <ClInclude Include="ResourcesDx1x.h">
      <Filter>Header Files</Filter>
    </ClInclude>
    <ClInclude Include="SaveTextureDX1x.h">
      <Filter>Header Files</Filter>
    </ClInclude>
    <ClInclude Include="Utilities.h">
      <Filter>Header Files</Filter>
    </ClInclude>
    <ClInclude Include="Direct3D11Manager.h">
      <Filter>Header Files</Filter>
    </ClInclude>
    <ClInclude Include="Direct3D11ManagerInterface.h">
      <Filter>Header Files</Filter>
    </ClInclude>
    <ClInclude Include="RenderPlatform.h">
      <Filter>Header Files</Filter>
    </ClInclude>
    <ClInclude Include="Material.h">
      <Filter>Header Files</Filter>
    </ClInclude>
    <ClInclude Include="Mesh.h">
      <Filter>Header Files</Filter>
    </ClInclude>
    <ClInclude Include="Light.h">
      <Filter>Header Files</Filter>
    </ClInclude>
    <ClInclude Include="Texture.h">
      <Filter>Header Files</Filter>
    </ClInclude>
    <ClInclude Include="Effect.h">
      <Filter>Header Files</Filter>
    </ClInclude>
    <ClInclude Include="Buffer.h">
      <Filter>Header Files</Filter>
    </ClInclude>
    <ClInclude Include="Layout.h">
      <Filter>Header Files</Filter>
    </ClInclude>
    <ClInclude Include="SimulDirectXHeader.h">
      <Filter>Header Files</Filter>
    </ClInclude>
    <ClInclude Include="ConstantBuffer.h">
      <Filter>Header Files</Filter>
    </ClInclude>
  </ItemGroup>
  <ItemGroup>
    <None Include="HLSL\CppHLSL.hlsl">
      <Filter>HLSL</Filter>
    </None>
    <None Include="SimulUseDXSDK.props" />
    <None Include="SimulUseWin8SDK.props" />
    <None Include="HLSL\shader_platform.sl">
      <Filter>HLSL</Filter>
    </None>
    <None Include="..\CrossPlatform\SL\atmospherics.sl">
      <Filter>SL</Filter>
    </None>
    <None Include="..\CrossPlatform\SL\atmospherics_constants.sl">
      <Filter>SL</Filter>
    </None>
    <None Include="..\CrossPlatform\SL\camera_constants.sl">
      <Filter>SL</Filter>
    </None>
    <None Include="..\CrossPlatform\SL\cloud_shadow.sl">
      <Filter>SL</Filter>
    </None>
    <None Include="..\CrossPlatform\SL\clouds_raytrace.sl">
      <Filter>SL</Filter>
    </None>
    <None Include="..\CrossPlatform\SL\clouds_simple.sl">
      <Filter>SL</Filter>
    </None>
    <None Include="..\CrossPlatform\SL\colour_packing.sl">
      <Filter>SL</Filter>
    </None>
    <None Include="..\CrossPlatform\SL\common.sl">
      <Filter>SL</Filter>
    </None>
    <None Include="..\CrossPlatform\SL\composite.sl">
      <Filter>SL</Filter>
    </None>
    <None Include="..\CrossPlatform\SL\compositing_constants.sl">
      <Filter>SL</Filter>
    </None>
    <None Include="..\CrossPlatform\SL\CppSl.hs">
      <Filter>SL</Filter>
    </None>
    <None Include="..\CrossPlatform\SL\debug_constants.sl">
      <Filter>SL</Filter>
    </None>
    <None Include="..\CrossPlatform\SL\depth.sl">
      <Filter>SL</Filter>
    </None>
    <None Include="..\CrossPlatform\SL\earth_shadow.sl">
      <Filter>SL</Filter>
    </None>
    <None Include="..\CrossPlatform\SL\earth_shadow_fade.sl">
      <Filter>SL</Filter>
    </None>
    <None Include="..\CrossPlatform\SL\earth_shadow_uniforms.sl">
      <Filter>SL</Filter>
    </None>
    <None Include="..\CrossPlatform\SL\foliage_constants.sl">
      <Filter>SL</Filter>
    </None>
    <None Include="..\CrossPlatform\SL\godrays.sl">
      <Filter>SL</Filter>
    </None>
    <None Include="..\CrossPlatform\SL\gpu_cloud_constants.sl">
      <Filter>SL</Filter>
    </None>
    <None Include="..\CrossPlatform\SL\gpu_sky_constants.sl">
      <Filter>SL</Filter>
    </None>
    <None Include="..\CrossPlatform\SL\hdr_constants.sl">
      <Filter>SL</Filter>
    </None>
    <None Include="..\CrossPlatform\SL\illumination.sl">
      <Filter>SL</Filter>
    </None>
    <None Include="..\CrossPlatform\SL\image_constants.sl">
      <Filter>SL</Filter>
    </None>
    <None Include="..\CrossPlatform\SL\light_probe_constants.sl">
      <Filter>SL</Filter>
    </None>
    <None Include="..\CrossPlatform\SL\lightning_constants.sl">
      <Filter>SL</Filter>
    </None>
    <None Include="..\CrossPlatform\SL\mixed_resolution.sl">
      <Filter>SL</Filter>
    </None>
    <None Include="..\CrossPlatform\SL\mixed_resolution_constants.sl">
      <Filter>SL</Filter>
    </None>
    <None Include="..\CrossPlatform\SL\noise.sl">
      <Filter>SL</Filter>
    </None>
    <None Include="..\CrossPlatform\SL\noise_constants.sl">
      <Filter>SL</Filter>
    </None>
    <None Include="..\CrossPlatform\SL\nv_multi_res.sl">
      <Filter>SL</Filter>
    </None>
    <None Include="..\CrossPlatform\SL\nv_multi_res_constants.sl">
      <Filter>SL</Filter>
    </None>
    <None Include="..\CrossPlatform\SL\optics_constants.sl">
      <Filter>SL</Filter>
    </None>
    <None Include="..\CrossPlatform\SL\quaternion.sl">
      <Filter>SL</Filter>
    </None>
    <None Include="..\CrossPlatform\SL\rain.sl">
      <Filter>SL</Filter>
    </None>
    <None Include="..\CrossPlatform\SL\rain_constants.sl">
      <Filter>SL</Filter>
    </None>
    <None Include="..\CrossPlatform\SL\raytrace_new.sl">
      <Filter>SL</Filter>
    </None>
    <None Include="..\CrossPlatform\SL\render_states.sl">
      <Filter>SL</Filter>
    </None>
    <None Include="..\CrossPlatform\SL\simul_cloud_constants.sl">
      <Filter>SL</Filter>
    </None>
    <None Include="..\CrossPlatform\SL\simul_clouds.sl">
      <Filter>SL</Filter>
    </None>
    <None Include="..\CrossPlatform\SL\simul_gpu_clouds.sl">
      <Filter>SL</Filter>
    </None>
    <None Include="..\CrossPlatform\SL\simul_gpu_sky.sl">
      <Filter>SL</Filter>
    </None>
    <None Include="..\CrossPlatform\SL\simul_inscatter_fns.sl">
      <Filter>SL</Filter>
    </None>
    <None Include="..\CrossPlatform\SL\simul_terrain_constants.sl">
      <Filter>SL</Filter>
    </None>
    <None Include="..\CrossPlatform\SL\sky.sl">
      <Filter>SL</Filter>
    </None>
    <None Include="..\CrossPlatform\SL\sky_constants.sl">
      <Filter>SL</Filter>
    </None>
    <None Include="..\CrossPlatform\SL\solid_constants.sl">
      <Filter>SL</Filter>
    </None>
    <None Include="..\CrossPlatform\SL\spherical_harmonics.sl">
      <Filter>SL</Filter>
    </None>
    <None Include="..\CrossPlatform\SL\spherical_harmonics_constants.sl">
      <Filter>SL</Filter>
    </None>
    <None Include="..\CrossPlatform\SL\states.sl">
      <Filter>SL</Filter>
    </None>
    <None Include="..\CrossPlatform\SL\text_constants.sl">
      <Filter>SL</Filter>
    </None>
    <None Include="..\CrossPlatform\SL\composite_msaa.sl">
      <Filter>SL</Filter>
    </None>
    <None Include="..\CrossPlatform\SL\clouds_lightpass.sl">
      <Filter>SL</Filter>
    </None>
    <None Include="water.sl">
      <Filter>SL</Filter>
    </None>
    <None Include="..\CrossPlatform\SL\water.sl">
      <Filter>SL</Filter>
    </None>
    <None Include="..\CrossPlatform\SL\water_constants.sl">
      <Filter>SL</Filter>
    </None>
  </ItemGroup>
  <ItemGroup>
    <FxCompile Include="..\CrossPlatform\SFX\terrain.sfx">
      <Filter>SFX</Filter>
    </FxCompile>
    <FxCompile Include="..\CrossPlatform\SFX\spherical_harmonics.sfx">
      <Filter>SFX</Filter>
    </FxCompile>
    <FxCompile Include="..\CrossPlatform\SFX\atmospherics.sfx">
      <Filter>SFX</Filter>
    </FxCompile>
    <FxCompile Include="..\CrossPlatform\SFX\clouds.sfx">
      <Filter>SFX</Filter>
    </FxCompile>
    <FxCompile Include="..\CrossPlatform\SFX\debug.sfx">
      <Filter>SFX</Filter>
    </FxCompile>
    <FxCompile Include="..\CrossPlatform\SFX\font.sfx">
      <Filter>SFX</Filter>
    </FxCompile>
    <FxCompile Include="..\CrossPlatform\SFX\gaussian.sfx">
      <Filter>SFX</Filter>
    </FxCompile>
    <FxCompile Include="..\CrossPlatform\SFX\hdr.sfx">
      <Filter>SFX</Filter>
    </FxCompile>
    <FxCompile Include="..\CrossPlatform\SFX\light_probes.sfx">
      <Filter>SFX</Filter>
    </FxCompile>
    <FxCompile Include="..\CrossPlatform\SFX\lightning.sfx">
      <Filter>SFX</Filter>
    </FxCompile>
    <FxCompile Include="..\CrossPlatform\SFX\mixed_resolution.sfx">
      <Filter>SFX</Filter>
    </FxCompile>
    <FxCompile Include="..\CrossPlatform\SFX\optics.sfx">
      <Filter>SFX</Filter>
    </FxCompile>
    <FxCompile Include="..\CrossPlatform\SFX\rain.sfx">
      <Filter>SFX</Filter>
    </FxCompile>
    <FxCompile Include="..\CrossPlatform\SFX\simul_gpu_clouds.sfx">
      <Filter>SFX</Filter>
    </FxCompile>
    <FxCompile Include="..\CrossPlatform\SFX\simul_gpu_sky.sfx">
      <Filter>SFX</Filter>
    </FxCompile>
    <FxCompile Include="..\CrossPlatform\SFX\simul_render_cubemap.sfx">
      <Filter>SFX</Filter>
    </FxCompile>
    <FxCompile Include="..\CrossPlatform\SFX\simul_rendernoise.sfx">
      <Filter>SFX</Filter>
    </FxCompile>
    <FxCompile Include="..\CrossPlatform\SFX\sky.sfx">
      <Filter>SFX</Filter>
    </FxCompile>
    <FxCompile Include="..\CrossPlatform\SFX\solid.sfx">
      <Filter>SFX</Filter>
    </FxCompile>
    <FxCompile Include="..\CrossPlatform\SFX\water.sfx">
      <Filter>SFX</Filter>
    </FxCompile>
  </ItemGroup>
</Project>